
Microsoft Visual Studio Solution File, Format Version 12.00
# Visual Studio Version 17
VisualStudioVersion = 17.1.32210.238
MinimumVisualStudioVersion = 10.0.40219.1
Project("{FAE04EC0-301F-11D3-BF4B-00C04F79EFBC}") = "Ejercicio03.Android", "Ejercicio03\Ejercicio03.Android\Ejercicio03.Android.csproj", "{798047FF-FE9F-4D7A-80B2-F5678C0E6D07}"
EndProject
Project("{FAE04EC0-301F-11D3-BF4B-00C04F79EFBC}") = "Ejercicio03.iOS", "Ejercicio03\Ejercicio03.iOS\Ejercicio03.iOS.csproj", "{45D9D0F7-E25D-4DBD-B228-58707B5BADC3}"
EndProject
Project("{FAE04EC0-301F-11D3-BF4B-00C04F79EFBC}") = "Ejercicio03", "Ejercicio03\Ejercicio03\Ejercicio03.csproj", "{B4980288-DA61-4FFC-93A8-AB18B99E294A}"
EndProject
Global
	GlobalSection(SolutionConfigurationPlatforms) = preSolution
		Debug|Any CPU = Debug|Any CPU
		Debug|iPhone = Debug|iPhone
		Debug|iPhoneSimulator = Debug|iPhoneSimulator
		Release|Any CPU = Release|Any CPU
		Release|iPhone = Release|iPhone
		Release|iPhoneSimulator = Release|iPhoneSimulator
	EndGlobalSection
	GlobalSection(ProjectConfigurationPlatforms) = postSolution
		{798047FF-FE9F-4D7A-80B2-F5678C0E6D07}.Debug|Any CPU.ActiveCfg = Debug|Any CPU
		{798047FF-FE9F-4D7A-80B2-F5678C0E6D07}.Debug|Any CPU.Build.0 = Debug|Any CPU
		{798047FF-FE9F-4D7A-80B2-F5678C0E6D07}.Debug|Any CPU.Deploy.0 = Debug|Any CPU
		{798047FF-FE9F-4D7A-80B2-F5678C0E6D07}.Debug|iPhone.ActiveCfg = Debug|Any CPU
		{798047FF-FE9F-4D7A-80B2-F5678C0E6D07}.Debug|iPhone.Build.0 = Debug|Any CPU
		{798047FF-FE9F-4D7A-80B2-F5678C0E6D07}.Debug|iPhone.Deploy.0 = Debug|Any CPU
		{798047FF-FE9F-4D7A-80B2-F5678C0E6D07}.Debug|iPhoneSimulator.ActiveCfg = Debug|Any CPU
		{798047FF-FE9F-4D7A-80B2-F5678C0E6D07}.Debug|iPhoneSimulator.Build.0 = Debug|Any CPU
		{798047FF-FE9F-4D7A-80B2-F5678C0E6D07}.Debug|iPhoneSimulator.Deploy.0 = Debug|Any CPU
		{798047FF-FE9F-4D7A-80B2-F5678C0E6D07}.Release|Any CPU.ActiveCfg = Release|Any CPU
		{798047FF-FE9F-4D7A-80B2-F5678C0E6D07}.Release|Any CPU.Build.0 = Release|Any CPU
		{798047FF-FE9F-4D7A-80B2-F5678C0E6D07}.Release|Any CPU.Deploy.0 = Release|Any CPU
		{798047FF-FE9F-4D7A-80B2-F5678C0E6D07}.Release|iPhone.ActiveCfg = Release|Any CPU
		{798047FF-FE9F-4D7A-80B2-F5678C0E6D07}.Release|iPhone.Build.0 = Release|Any CPU
		{798047FF-FE9F-4D7A-80B2-F5678C0E6D07}.Release|iPhone.Deploy.0 = Release|Any CPU
		{798047FF-FE9F-4D7A-80B2-F5678C0E6D07}.Release|iPhoneSimulator.ActiveCfg = Release|Any CPU
		{798047FF-FE9F-4D7A-80B2-F5678C0E6D07}.Release|iPhoneSimulator.Build.0 = Release|Any CPU
		{798047FF-FE9F-4D7A-80B2-F5678C0E6D07}.Release|iPhoneSimulator.Deploy.0 = Release|Any CPU
		{45D9D0F7-E25D-4DBD-B228-58707B5BADC3}.Debug|Any CPU.ActiveCfg = Debug|iPhone
		{45D9D0F7-E25D-4DBD-B228-58707B5BADC3}.Debug|Any CPU.Build.0 = Debug|iPhone
		{45D9D0F7-E25D-4DBD-B228-58707B5BADC3}.Debug|Any CPU.Deploy.0 = Debug|iPhone
		{45D9D0F7-E25D-4DBD-B228-58707B5BADC3}.Debug|iPhone.ActiveCfg = Debug|iPhone
		{45D9D0F7-E25D-4DBD-B228-58707B5BADC3}.Debug|iPhone.Build.0 = Debug|iPhone
		{45D9D0F7-E25D-4DBD-B228-58707B5BADC3}.Debug|iPhone.Deploy.0 = Debug|iPhone
		{45D9D0F7-E25D-4DBD-B228-58707B5BADC3}.Debug|iPhoneSimulator.ActiveCfg = Debug|iPhoneSimulator
		{45D9D0F7-E25D-4DBD-B228-58707B5BADC3}.Debug|iPhoneSimulator.Build.0 = Debug|iPhoneSimulator
		{45D9D0F7-E25D-4DBD-B228-58707B5BADC3}.Debug|iPhoneSimulator.Deploy.0 = Debug|iPhoneSimulator
		{45D9D0F7-E25D-4DBD-B228-58707B5BADC3}.Release|Any CPU.ActiveCfg = Release|iPhoneSimulator
		{45D9D0F7-E25D-4DBD-B228-58707B5BADC3}.Release|Any CPU.Build.0 = Release|iPhoneSimulator
		{45D9D0F7-E25D-4DBD-B228-58707B5BADC3}.Release|Any CPU.Deploy.0 = Release|iPhoneSimulator
		{45D9D0F7-E25D-4DBD-B228-58707B5BADC3}.Release|iPhone.ActiveCfg = Release|iPhone
		{45D9D0F7-E25D-4DBD-B228-58707B5BADC3}.Release|iPhone.Build.0 = Release|iPhone
		{45D9D0F7-E25D-4DBD-B228-58707B5BADC3}.Release|iPhone.Deploy.0 = Release|iPhone
		{45D9D0F7-E25D-4DBD-B228-58707B5BADC3}.Release|iPhoneSimulator.ActiveCfg = Release|iPhoneSimulator
		{45D9D0F7-E25D-4DBD-B228-58707B5BADC3}.Release|iPhoneSimulator.Build.0 = Release|iPhoneSimulator
		{45D9D0F7-E25D-4DBD-B228-58707B5BADC3}.Release|iPhoneSimulator.Deploy.0 = Release|iPhoneSimulator
		{B4980288-DA61-4FFC-93A8-AB18B99E294A}.Debug|Any CPU.ActiveCfg = Debug|Any CPU
		{B4980288-DA61-4FFC-93A8-AB18B99E294A}.Debug|Any CPU.Build.0 = Debug|Any CPU
		{B4980288-DA61-4FFC-93A8-AB18B99E294A}.Debug|Any CPU.Deploy.0 = Debug|Any CPU
		{B4980288-DA61-4FFC-93A8-AB18B99E294A}.Debug|iPhone.ActiveCfg = Debug|Any CPU
		{B4980288-DA61-4FFC-93A8-AB18B99E294A}.Debug|iPhone.Build.0 = Debug|Any CPU
		{B4980288-DA61-4FFC-93A8-AB18B99E294A}.Debug|iPhone.Deploy.0 = Debug|Any CPU
		{B4980288-DA61-4FFC-93A8-AB18B99E294A}.Debug|iPhoneSimulator.ActiveCfg = Debug|Any CPU
		{B4980288-DA61-4FFC-93A8-AB18B99E294A}.Debug|iPhoneSimulator.Build.0 = Debug|Any CPU
		{B4980288-DA61-4FFC-93A8-AB18B99E294A}.Debug|iPhoneSimulator.Deploy.0 = Debug|Any CPU
		{B4980288-DA61-4FFC-93A8-AB18B99E294A}.Release|Any CPU.ActiveCfg = Release|Any CPU
		{B4980288-DA61-4FFC-93A8-AB18B99E294A}.Release|Any CPU.Build.0 = Release|Any CPU
		{B4980288-DA61-4FFC-93A8-AB18B99E294A}.Release|Any CPU.Deploy.0 = Release|Any CPU
		{B4980288-DA61-4FFC-93A8-AB18B99E294A}.Release|iPhone.ActiveCfg = Release|Any CPU
		{B4980288-DA61-4FFC-93A8-AB18B99E294A}.Release|iPhone.Build.0 = Release|Any CPU
		{B4980288-DA61-4FFC-93A8-AB18B99E294A}.Release|iPhone.Deploy.0 = Release|Any CPU
		{B4980288-DA61-4FFC-93A8-AB18B99E294A}.Release|iPhoneSimulator.ActiveCfg = Release|Any CPU
		{B4980288-DA61-4FFC-93A8-AB18B99E294A}.Release|iPhoneSimulator.Build.0 = Release|Any CPU
		{B4980288-DA61-4FFC-93A8-AB18B99E294A}.Release|iPhoneSimulator.Deploy.0 = Release|Any CPU
	EndGlobalSection
	GlobalSection(SolutionProperties) = preSolution
		HideSolutionNode = FALSE
	EndGlobalSection
	GlobalSection(ExtensibilityGlobals) = postSolution
		SolutionGuid = {2DF57AA0-76F5-4BE8-B240-B2876E1CD8AA}
	EndGlobalSection
EndGlobal
